# THIS IS AN AUTOGENERATED FILE. DO NOT EDIT THIS FILE DIRECTLY.
# yarn lockfile v1


"@rollup/plugin-commonjs@^11.0.2":
  version "11.0.2"
  resolved "https://registry.npm.taobao.org/@rollup/plugin-commonjs/download/@rollup/plugin-commonjs-11.0.2.tgz#837cc6950752327cb90177b608f0928a4e60b582"
  integrity sha1-g3zGlQdSMny5AXe2CPCSik5gtYI=
  dependencies:
    "@rollup/pluginutils" "^3.0.0"
    estree-walker "^1.0.1"
    is-reference "^1.1.2"
    magic-string "^0.25.2"
    resolve "^1.11.0"

"@rollup/plugin-node-resolve@^7.1.1":
  version "7.1.1"
  resolved "https://registry.npm.taobao.org/@rollup/plugin-node-resolve/download/@rollup/plugin-node-resolve-7.1.1.tgz#8c6e59c4b28baf9d223028d0e450e06a485bb2b7"
  integrity sha1-jG5ZxLKLr50iMCjQ5FDgakhbsrc=
  dependencies:
    "@rollup/pluginutils" "^3.0.6"
    "@types/resolve" "0.0.8"
    builtin-modules "^3.1.0"
    is-module "^1.0.0"
    resolve "^1.14.2"

"@rollup/plugin-typescript@^4.0.0":
  version "4.0.0"
  resolved "https://registry.npm.taobao.org/@rollup/plugin-typescript/download/@rollup/plugin-typescript-4.0.0.tgz#7a4f7b2844d28669e58c03c880f6ed0d6e926685"
  integrity sha1-ek97KETShmnljAPIgPbtDW6SZoU=
  dependencies:
    "@rollup/pluginutils" "^3.0.1"
    resolve "^1.14.1"

"@rollup/pluginutils@^3.0.0", "@rollup/pluginutils@^3.0.1", "@rollup/pluginutils@^3.0.6":
  version "3.0.8"
  resolved "https://registry.npm.taobao.org/@rollup/pluginutils/download/@rollup/pluginutils-3.0.8.tgz#4e94d128d94b90699e517ef045422960d18c8fde"
  integrity sha1-TpTRKNlLkGmeUX7wRUIpYNGMj94=
  dependencies:
    estree-walker "^1.0.1"

"@types/estree@0.0.39":
  version "0.0.39"
  resolved "https://registry.npm.taobao.org/@types/estree/download/@types/estree-0.0.39.tgz?cache=0&sync_timestamp=1584727992701&other_urls=https%3A%2F%2Fregistry.npm.taobao.org%2F%40types%2Festree%2Fdownload%2F%40types%2Festree-0.0.39.tgz#e177e699ee1b8c22d23174caaa7422644389509f"
  integrity sha1-4Xfmme4bjCLSMXTKqnQiZEOJUJ8=

"@types/node@*":
  version "13.9.5"
  resolved "https://registry.npm.taobao.org/@types/node/download/@types/node-13.9.5.tgz?cache=0&sync_timestamp=1585327949603&other_urls=https%3A%2F%2Fregistry.npm.taobao.org%2F%40types%2Fnode%2Fdownload%2F%40types%2Fnode-13.9.5.tgz#59738bf30b31aea1faa2df7f4a5f55613750cf00"
  integrity sha1-WXOL8wsxrqH6ot9/Sl9VYTdQzwA=

"@types/resolve@0.0.8":
  version "0.0.8"
  resolved "https://registry.npm.taobao.org/@types/resolve/download/@types/resolve-0.0.8.tgz#f26074d238e02659e323ce1a13d041eee280e194"
  integrity sha1-8mB00jjgJlnjI84aE9BB7uKA4ZQ=
  dependencies:
    "@types/node" "*"

builtin-modules@^3.1.0:
  version "3.1.0"
  resolved "https://registry.npm.taobao.org/builtin-modules/download/builtin-modules-3.1.0.tgz#aad97c15131eb76b65b50ef208e7584cd76a7484"
  integrity sha1-qtl8FRMet2tltQ7yCOdYTNdqdIQ=

estree-walker@^1.0.1:
  version "1.0.1"
  resolved "https://registry.npm.taobao.org/estree-walker/download/estree-walker-1.0.1.tgz#31bc5d612c96b704106b477e6dd5d8aa138cb700"
  integrity sha1-MbxdYSyWtwQQa0d+bdXYqhOMtwA=

fsevents@~2.1.2:
  version "2.1.2"
  resolved "https://registry.npm.taobao.org/fsevents/download/fsevents-2.1.2.tgz#4c0a1fb34bc68e543b4b82a9ec392bfbda840805"
  integrity sha1-TAofs0vGjlQ7S4Kp7Dkr+9qECAU=

hash-sum@^2.0.0:
  version "2.0.0"
  resolved "https://registry.npm.taobao.org/hash-sum/download/hash-sum-2.0.0.tgz#81d01bb5de8ea4a214ad5d6ead1b523460b0b45a"
  integrity sha1-gdAbtd6OpKIUrV1urRtSNGCwtFo=

is-module@^1.0.0:
  version "1.0.0"
  resolved "https://registry.npm.taobao.org/is-module/download/is-module-1.0.0.tgz#3258fb69f78c14d5b815d664336b4cffb6441591"
  integrity sha1-Mlj7afeMFNW4FdZkM2tM/7ZEFZE=

is-reference@^1.1.2:
  version "1.1.4"
  resolved "https://registry.npm.taobao.org/is-reference/download/is-reference-1.1.4.tgz#3f95849886ddb70256a3e6d062b1a68c13c51427"
  integrity sha1-P5WEmIbdtwJWo+bQYrGmjBPFFCc=
  dependencies:
    "@types/estree" "0.0.39"

magic-string@^0.25.2:
  version "0.25.7"
  resolved "https://registry.npm.taobao.org/magic-string/download/magic-string-0.25.7.tgz#3f497d6fd34c669c6798dcb821f2ef31f5445051"
  integrity sha1-P0l9b9NMZpxnmNy4IfLvMfVEUFE=
  dependencies:
    sourcemap-codec "^1.4.4"

nanoid@^3.0.1:
  version "3.0.1"
  resolved "https://registry.npm.taobao.org/nanoid/download/nanoid-3.0.1.tgz#8fb66b6910902327d4a47f623f9a3e502d563edf"
  integrity sha1-j7ZraRCQIyfUpH9iP5o+UC1WPt8=

path-parse@^1.0.6:
  version "1.0.6"
  resolved "https://registry.npm.taobao.org/path-parse/download/path-parse-1.0.6.tgz#d62dbb5679405d72c4737ec58600e9ddcf06d24c"
  integrity sha1-1i27VnlAXXLEc37FhgDp3c8G0kw=

resolve@^1.11.0, resolve@^1.14.1, resolve@^1.14.2:
  version "1.15.1"
  resolved "https://registry.npm.taobao.org/resolve/download/resolve-1.15.1.tgz#27bdcdeffeaf2d6244b95bb0f9f4b4653451f3e8"
  integrity sha1-J73N7/6vLWJEuVuw+fS0ZTRR8+g=
  dependencies:
    path-parse "^1.0.6"

rollup@^2.2.0:
  version "2.2.0"
  resolved "https://registry.npm.taobao.org/rollup/download/rollup-2.2.0.tgz#d82cfd6eda6d9561593a7e8a2fc0b72811a89b49"
  integrity sha1-2Cz9btptlWFZOn6KL8C3KBGom0k=
  optionalDependencies:
    fsevents "~2.1.2"

sourcemap-codec@^1.4.4:
  version "1.4.8"
  resolved "https://registry.npm.taobao.org/sourcemap-codec/download/sourcemap-codec-1.4.8.tgz#ea804bd94857402e6992d05a38ef1ae35a9ab4c4"
  integrity sha1-6oBL2UhXQC5pktBaOO8a41qatMQ=

temp-dir@^2.0.0:
  version "2.0.0"
  resolved "https://registry.npm.taobao.org/temp-dir/download/temp-dir-2.0.0.tgz#bde92b05bdfeb1516e804c9c00ad45177f31321e"
  integrity sha1-vekrBb3+sVFugEycAK1FF38xMh4=

tslib@^1.11.1:
  version "1.11.1"
  resolved "https://registry.npm.taobao.org/tslib/download/tslib-1.11.1.tgz#eb15d128827fbee2841549e171f45ed338ac7e35"
  integrity sha1-6xXRKIJ/vuKEFUnhcfRe0zisfjU=

typescript@^3.8.3:
  version "3.8.3"
  resolved "https://registry.npm.taobao.org/typescript/download/typescript-3.8.3.tgz#409eb8544ea0335711205869ec458ab109ee1061"
  integrity sha1-QJ64VE6gM1cRIFhp7EWKsQnuEGE=
